
Microsoft Visual Studio Solution File, Format Version 12.00
# Visual Studio Version 16
VisualStudioVersion = 16.0.29201.188
MinimumVisualStudioVersion = 10.0.40219.1
Project("{FAE04EC0-301F-11D3-BF4B-00C04F79EFBC}") = "Vidly", "Vidly.csproj", "{DA940EDC-D9C8-4531-8DBE-92172C1C7D49}"
EndProject
Global
	GlobalSection(SolutionConfigurationPlatforms) = preSolution
		Debug|Any CPU = Debug|Any CPU
		Release|Any CPU = Release|Any CPU
	EndGlobalSection
	GlobalSection(ProjectConfigurationPlatforms) = postSolution
		{DA940EDC-D9C8-4531-8DBE-92172C1C7D49}.Debug|Any CPU.ActiveCfg = Debug|Any CPU
		{DA940EDC-D9C8-4531-8DBE-92172C1C7D49}.Debug|Any CPU.Build.0 = Debug|Any CPU
		{DA940EDC-D9C8-4531-8DBE-92172C1C7D49}.Release|Any CPU.ActiveCfg = Release|Any CPU
		{DA940EDC-D9C8-4531-8DBE-92172C1C7D49}.Release|Any CPU.Build.0 = Release|Any CPU
	EndGlobalSection
	GlobalSection(SolutionProperties) = preSolution
		HideSolutionNode = FALSE
	EndGlobalSection
	GlobalSection(ExtensibilityGlobals) = postSolution
		SolutionGuid = {BCA92E18-27C0-4F49-9894-3D2C76697BDE}
	EndGlobalSection
EndGlobal
